
Microsoft Visual Studio Solution File, Format Version 12.00
# Visual Studio Version 16
VisualStudioVersion = 16.0.29519.87
MinimumVisualStudioVersion = 10.0.40219.1
Project("{9A19103F-16F7-4668-BE54-9A1E7A4F7556}") = "Moviemo.API", "Moviemo.API\Moviemo.API.csproj", "{DD37FA97-D880-4567-AABF-EB6362DEF427}"
EndProject
Project("{9A19103F-16F7-4668-BE54-9A1E7A4F7556}") = "Moviemo.IntegrationTests", "Moviemo.IntegrationTests\Moviemo.IntegrationTests.csproj", "{62766BC0-8D67-4DDC-8AB5-07FB6EE9EE0B}"
EndProject
Project("{9A19103F-16F7-4668-BE54-9A1E7A4F7556}") = "Moviemo.UnitTests", "Moviemo.UnitTests\Moviemo.UnitTests.csproj", "{76E3DBC9-264F-4A04-9F57-F8626E7DA7F5}"
EndProject
Global
	GlobalSection(SolutionConfigurationPlatforms) = preSolution
		Debug|Any CPU = Debug|Any CPU
		Release|Any CPU = Release|Any CPU
	EndGlobalSection
	GlobalSection(ProjectConfigurationPlatforms) = postSolution
		{DD37FA97-D880-4567-AABF-EB6362DEF427}.Debug|Any CPU.ActiveCfg = Debug|Any CPU
		{DD37FA97-D880-4567-AABF-EB6362DEF427}.Debug|Any CPU.Build.0 = Debug|Any CPU
		{DD37FA97-D880-4567-AABF-EB6362DEF427}.Release|Any CPU.ActiveCfg = Release|Any CPU
		{DD37FA97-D880-4567-AABF-EB6362DEF427}.Release|Any CPU.Build.0 = Release|Any CPU
		{62766BC0-8D67-4DDC-8AB5-07FB6EE9EE0B}.Debug|Any CPU.ActiveCfg = Debug|Any CPU
		{62766BC0-8D67-4DDC-8AB5-07FB6EE9EE0B}.Debug|Any CPU.Build.0 = Debug|Any CPU
		{62766BC0-8D67-4DDC-8AB5-07FB6EE9EE0B}.Release|Any CPU.ActiveCfg = Release|Any CPU
		{62766BC0-8D67-4DDC-8AB5-07FB6EE9EE0B}.Release|Any CPU.Build.0 = Release|Any CPU
		{76E3DBC9-264F-4A04-9F57-F8626E7DA7F5}.Debug|Any CPU.ActiveCfg = Debug|Any CPU
		{76E3DBC9-264F-4A04-9F57-F8626E7DA7F5}.Debug|Any CPU.Build.0 = Debug|Any CPU
		{76E3DBC9-264F-4A04-9F57-F8626E7DA7F5}.Release|Any CPU.ActiveCfg = Release|Any CPU
		{76E3DBC9-264F-4A04-9F57-F8626E7DA7F5}.Release|Any CPU.Build.0 = Release|Any CPU
	EndGlobalSection
	GlobalSection(SolutionProperties) = preSolution
		HideSolutionNode = FALSE
	EndGlobalSection
	GlobalSection(ExtensibilityGlobals) = postSolution
		SolutionGuid = {ED4B494A-F979-482B-A5D8-AC0971101661}
	EndGlobalSection
EndGlobal
